// !$*UTF8*$!
{
	archiveVersion = 1;
	classes = {
	};
	objectVersion = 55;
	objects = {

/* Begin PBXBuildFile section */
		D51E054B289A541500702AF6 /* ExpenseTrackerApp.swift in Sources */ = {isa = PBXBuildFile; fileRef = D51E054A289A541500702AF6 /* ExpenseTrackerApp.swift */; };
		D51E054D289A541500702AF6 /* ContentView.swift in Sources */ = {isa = PBXBuildFile; fileRef = D51E054C289A541500702AF6 /* ContentView.swift */; };
		D51E054F289A541700702AF6 /* Assets.xcassets in Resources */ = {isa = PBXBuildFile; fileRef = D51E054E289A541700702AF6 /* Assets.xcassets */; };
		D51E0552289A541700702AF6 /* Preview Assets.xcassets in Resources */ = {isa = PBXBuildFile; fileRef = D51E0551289A541700702AF6 /* Preview Assets.xcassets */; };
		D562E39F28A78EBE002B3A3C /* Extensions.swift in Sources */ = {isa = PBXBuildFile; fileRef = D562E39E28A78EBE002B3A3C /* Extensions.swift */; };
		D562E3A128A793EE002B3A3C /* TransactionModel.swift in Sources */ = {isa = PBXBuildFile; fileRef = D562E3A028A793EE002B3A3C /* TransactionModel.swift */; };
		D562E3A328A79562002B3A3C /* PreviewData.swift in Sources */ = {isa = PBXBuildFile; fileRef = D562E3A228A79562002B3A3C /* PreviewData.swift */; };
		D562E3A528A79657002B3A3C /* TransactionRow.swift in Sources */ = {isa = PBXBuildFile; fileRef = D562E3A428A79657002B3A3C /* TransactionRow.swift */; };
		D562E3A828A79B46002B3A3C /* SwiftUIFontIcon in Frameworks */ = {isa = PBXBuildFile; productRef = D562E3A728A79B46002B3A3C /* SwiftUIFontIcon */; };
		D562E3AA28A79D25002B3A3C /* TransactionListViewModel.swift in Sources */ = {isa = PBXBuildFile; fileRef = D562E3A928A79D25002B3A3C /* TransactionListViewModel.swift */; };
		D562E3AC28A7E2D8002B3A3C /* RecentTransactionList.swift in Sources */ = {isa = PBXBuildFile; fileRef = D562E3AB28A7E2D8002B3A3C /* RecentTransactionList.swift */; };
		D58D88DA28A8E1FE000A90AC /* TransactionList.swift in Sources */ = {isa = PBXBuildFile; fileRef = D58D88D928A8E1FE000A90AC /* TransactionList.swift */; };
		D58D88DD28A8E7DB000A90AC /* Collections in Frameworks */ = {isa = PBXBuildFile; productRef = D58D88DC28A8E7DB000A90AC /* Collections */; };
		D58D88E028A8E830000A90AC /* SwiftUICharts in Frameworks */ = {isa = PBXBuildFile; productRef = D58D88DF28A8E830000A90AC /* SwiftUICharts */; };
/* End PBXBuildFile section */

/* Begin PBXFileReference section */
		D51E0547289A541500702AF6 /* ExpenseTracker.app */ = {isa = PBXFileReference; explicitFileType = wrapper.application; includeInIndex = 0; path = ExpenseTracker.app; sourceTree = BUILT_PRODUCTS_DIR; };
		D51E054A289A541500702AF6 /* ExpenseTrackerApp.swift */ = {isa = PBXFileReference; lastKnownFileType = sourcecode.swift; path = ExpenseTrackerApp.swift; sourceTree = "<group>"; };
		D51E054C289A541500702AF6 /* ContentView.swift */ = {isa = PBXFileReference; lastKnownFileType = sourcecode.swift; path = ContentView.swift; sourceTree = "<group>"; };
		D51E054E289A541700702AF6 /* Assets.xcassets */ = {isa = PBXFileReference; lastKnownFileType = folder.assetcatalog; path = Assets.xcassets; sourceTree = "<group>"; };
		D51E0551289A541700702AF6 /* Preview Assets.xcassets */ = {isa = PBXFileReference; lastKnownFileType = folder.assetcatalog; path = "Preview Assets.xcassets"; sourceTree = "<group>"; };
		D562E39E28A78EBE002B3A3C /* Extensions.swift */ = {isa = PBXFileReference; lastKnownFileType = sourcecode.swift; path = Extensions.swift; sourceTree = "<group>"; };
		D562E3A028A793EE002B3A3C /* TransactionModel.swift */ = {isa = PBXFileReference; lastKnownFileType = sourcecode.swift; path = TransactionModel.swift; sourceTree = "<group>"; };
		D562E3A228A79562002B3A3C /* PreviewData.swift */ = {isa = PBXFileReference; lastKnownFileType = sourcecode.swift; path = PreviewData.swift; sourceTree = "<group>"; };
		D562E3A428A79657002B3A3C /* TransactionRow.swift */ = {isa = PBXFileReference; lastKnownFileType = sourcecode.swift; path = TransactionRow.swift; sourceTree = "<group>"; };
		D562E3A928A79D25002B3A3C /* TransactionListViewModel.swift */ = {isa = PBXFileReference; lastKnownFileType = sourcecode.swift; path = TransactionListViewModel.swift; sourceTree = "<group>"; };
		D562E3AB28A7E2D8002B3A3C /* RecentTransactionList.swift */ = {isa = PBXFileReference; lastKnownFileType = sourcecode.swift; path = RecentTransactionList.swift; sourceTree = "<group>"; };
		D56C58AF289FE82F008C1FAA /* README.md */ = {isa = PBXFileReference; lastKnownFileType = net.daringfireball.markdown; path = README.md; sourceTree = "<group>"; };
		D58D88D928A8E1FE000A90AC /* TransactionList.swift */ = {isa = PBXFileReference; lastKnownFileType = sourcecode.swift; path = TransactionList.swift; sourceTree = "<group>"; };
/* End PBXFileReference section */

/* Begin PBXFrameworksBuildPhase section */
		D51E0544289A541500702AF6 /* Frameworks */ = {
			isa = PBXFrameworksBuildPhase;
			buildActionMask = 2147483647;
			files = (
				D58D88E028A8E830000A90AC /* SwiftUICharts in Frameworks */,
				D58D88DD28A8E7DB000A90AC /* Collections in Frameworks */,
				D562E3A828A79B46002B3A3C /* SwiftUIFontIcon in Frameworks */,
			);
			runOnlyForDeploymentPostprocessing = 0;
		};
/* End PBXFrameworksBuildPhase section */

/* Begin PBXGroup section */
		D51E053E289A541500702AF6 = {
			isa = PBXGroup;
			children = (
				D56C58AF289FE82F008C1FAA /* README.md */,
				D51E0549289A541500702AF6 /* ExpenseTracker */,
				D51E0548289A541500702AF6 /* Products */,
			);
			sourceTree = "<group>";
		};
		D51E0548289A541500702AF6 /* Products */ = {
			isa = PBXGroup;
			children = (
				D51E0547289A541500702AF6 /* ExpenseTracker.app */,
			);
			name = Products;
			sourceTree = "<group>";
		};
		D51E0549289A541500702AF6 /* ExpenseTracker */ = {
			isa = PBXGroup;
			children = (
				D51E054A289A541500702AF6 /* ExpenseTrackerApp.swift */,
				D51E054C289A541500702AF6 /* ContentView.swift */,
				D562E3AB28A7E2D8002B3A3C /* RecentTransactionList.swift */,
				D562E3A428A79657002B3A3C /* TransactionRow.swift */,
				D58D88D928A8E1FE000A90AC /* TransactionList.swift */,
				D562E3A928A79D25002B3A3C /* TransactionListViewModel.swift */,
				D562E3A028A793EE002B3A3C /* TransactionModel.swift */,
				D562E39E28A78EBE002B3A3C /* Extensions.swift */,
				D51E054E289A541700702AF6 /* Assets.xcassets */,
				D51E0550289A541700702AF6 /* Preview Content */,
			);
			path = ExpenseTracker;
			sourceTree = "<group>";
		};
		D51E0550289A541700702AF6 /* Preview Content */ = {
			isa = PBXGroup;
			children = (
				D51E0551289A541700702AF6 /* Preview Assets.xcassets */,
				D562E3A228A79562002B3A3C /* PreviewData.swift */,
			);
			path = "Preview Content";
			sourceTree = "<group>";
		};
/* End PBXGroup section */

/* Begin PBXNativeTarget section */
		D51E0546289A541500702AF6 /* ExpenseTracker */ = {
			isa = PBXNativeTarget;
			buildConfigurationList = D51E0555289A541700702AF6 /* Build configuration list for PBXNativeTarget "ExpenseTracker" */;
			buildPhases = (
				D51E0543289A541500702AF6 /* Sources */,
				D51E0544289A541500702AF6 /* Frameworks */,
				D51E0545289A541500702AF6 /* Resources */,
			);
			buildRules = (
			);
			dependencies = (
			);
			name = ExpenseTracker;
			packageProductDependencies = (
				D562E3A728A79B46002B3A3C /* SwiftUIFontIcon */,
				D58D88DC28A8E7DB000A90AC /* Collections */,
				D58D88DF28A8E830000A90AC /* SwiftUICharts */,
			);
			productName = ExpenseTracker;
			productReference = D51E0547289A541500702AF6 /* ExpenseTracker.app */;
			productType = "com.apple.product-type.application";
		};
/* End PBXNativeTarget section */

/* Begin PBXProject section */
		D51E053F289A541500702AF6 /* Project object */ = {
			isa = PBXProject;
			attributes = {
				BuildIndependentTargetsInParallel = 1;
				LastSwiftUpdateCheck = 1320;
				LastUpgradeCheck = 1320;
				TargetAttributes = {
					D51E0546289A541500702AF6 = {
						CreatedOnToolsVersion = 13.2.1;
					};
				};
			};
			buildConfigurationList = D51E0542289A541500702AF6 /* Build configuration list for PBXProject "ExpenseTracker" */;
			compatibilityVersion = "Xcode 13.0";
			developmentRegion = en;
			hasScannedForEncodings = 0;
			knownRegions = (
				en,
				Base,
			);
			mainGroup = D51E053E289A541500702AF6;
			packageReferences = (
				D562E3A628A79B46002B3A3C /* XCRemoteSwiftPackageReference "SwiftUIFontIcon" */,
				D58D88DB28A8E7DB000A90AC /* XCRemoteSwiftPackageReference "swift-collections" */,
				D58D88DE28A8E830000A90AC /* XCRemoteSwiftPackageReference "ChartView" */,
			);
			productRefGroup = D51E0548289A541500702AF6 /* Products */;
			projectDirPath = "";
			projectRoot = "";
			targets = (
				D51E0546289A541500702AF6 /* ExpenseTracker */,
			);
		};
/* End PBXProject section */

/* Begin PBXResourcesBuildPhase section */
		D51E0545289A541500702AF6 /* Resources */ = {
			isa = PBXResourcesBuildPhase;
			buildActionMask = 2147483647;
			files = (
				D51E0552289A541700702AF6 /* Preview Assets.xcassets in Resources */,
				D51E054F289A541700702AF6 /* Assets.xcassets in Resources */,
			);
			runOnlyForDeploymentPostprocessing = 0;
		};
/* End PBXResourcesBuildPhase section */

/* Begin PBXSourcesBuildPhase section */
		D51E0543289A541500702AF6 /* Sources */ = {
			isa = PBXSourcesBuildPhase;
			buildActionMask = 2147483647;
			files = (
				D562E3A328A79562002B3A3C /* PreviewData.swift in Sources */,
				D58D88DA28A8E1FE000A90AC /* TransactionList.swift in Sources */,
				D562E3AC28A7E2D8002B3A3C /* RecentTransactionList.swift in Sources */,
				D562E3A128A793EE002B3A3C /* TransactionModel.swift in Sources */,
				D51E054D289A541500702AF6 /* ContentView.swift in Sources */,
				D562E3A528A79657002B3A3C /* TransactionRow.swift in Sources */,
				D562E39F28A78EBE002B3A3C /* Extensions.swift in Sources */,
				D562E3AA28A79D25002B3A3C /* TransactionListViewModel.swift in Sources */,
				D51E054B289A541500702AF6 /* ExpenseTrackerApp.swift in Sources */,
			);
			runOnlyForDeploymentPostprocessing = 0;
		};
/* End PBXSourcesBuildPhase section */

/* Begin XCBuildConfiguration section */
		D51E0553289A541700702AF6 /* Debug */ = {
			isa = XCBuildConfiguration;
			buildSettings = {
				ALWAYS_SEARCH_USER_PATHS = NO;
				CLANG_ANALYZER_NONNULL = YES;
				CLANG_ANALYZER_NUMBER_OBJECT_CONVERSION = YES_AGGRESSIVE;
				CLANG_CXX_LANGUAGE_STANDARD = "gnu++17";
				CLANG_CXX_LIBRARY = "libc++";
				CLANG_ENABLE_MODULES = YES;
				CLANG_ENABLE_OBJC_ARC = YES;
				CLANG_ENABLE_OBJC_WEAK = YES;
				CLANG_WARN_BLOCK_CAPTURE_AUTORELEASING = YES;
				CLANG_WARN_BOOL_CONVERSION = YES;
				CLANG_WARN_COMMA = YES;
				CLANG_WARN_CONSTANT_CONVERSION = YES;
				CLANG_WARN_DEPRECATED_OBJC_IMPLEMENTATIONS = YES;
				CLANG_WARN_DIRECT_OBJC_ISA_USAGE = YES_ERROR;
				CLANG_WARN_DOCUMENTATION_COMMENTS = YES;
				CLANG_WARN_EMPTY_BODY = YES;
				CLANG_WARN_ENUM_CONVERSION = YES;
				CLANG_WARN_INFINITE_RECURSION = YES;
				CLANG_WARN_INT_CONVERSION = YES;
				CLANG_WARN_NON_LITERAL_NULL_CONVERSION = YES;
				CLANG_WARN_OBJC_IMPLICIT_RETAIN_SELF = YES;
				CLANG_WARN_OBJC_LITERAL_CONVERSION = YES;
				CLANG_WARN_OBJC_ROOT_CLASS = YES_ERROR;
				CLANG_WARN_QUOTED_INCLUDE_IN_FRAMEWORK_HEADER = YES;
				CLANG_WARN_RANGE_LOOP_ANALYSIS = YES;
				CLANG_WARN_STRICT_PROTOTYPES = YES;
				CLANG_WARN_SUSPICIOUS_MOVE = YES;
				CLANG_WARN_UNGUARDED_AVAILABILITY = YES_AGGRESSIVE;
				CLANG_WARN_UNREACHABLE_CODE = YES;
				CLANG_WARN__DUPLICATE_METHOD_MATCH = YES;
				COPY_PHASE_STRIP = NO;
				DEBUG_INFORMATION_FORMAT = dwarf;
				ENABLE_STRICT_OBJC_MSGSEND = YES;
				ENABLE_TESTABILITY = YES;
				GCC_C_LANGUAGE_STANDARD = gnu11;
				GCC_DYNAMIC_NO_PIC = NO;
				GCC_NO_COMMON_BLOCKS = YES;
				GCC_OPTIMIZATION_LEVEL = 0;
				GCC_PREPROCESSOR_DEFINITIONS = (
					"DEBUG=1",
					"$(inherited)",
				);
				GCC_WARN_64_TO_32_BIT_CONVERSION = YES;
				GCC_WARN_ABOUT_RETURN_TYPE = YES_ERROR;
				GCC_WARN_UNDECLARED_SELECTOR = YES;
				GCC_WARN_UNINITIALIZED_AUTOS = YES_AGGRESSIVE;
				GCC_WARN_UNUSED_FUNCTION = YES;
				GCC_WARN_UNUSED_VARIABLE = YES;
				IPHONEOS_DEPLOYMENT_TARGET = 15.2;
				MTL_ENABLE_DEBUG_INFO = INCLUDE_SOURCE;
				MTL_FAST_MATH = YES;
				ONLY_ACTIVE_ARCH = YES;
				SDKROOT = iphoneos;
				SWIFT_ACTIVE_COMPILATION_CONDITIONS = DEBUG;
				SWIFT_OPTIMIZATION_LEVEL = "-Onone";
			};
			name = Debug;
		};
		D51E0554289A541700702AF6 /* Release */ = {
			isa = XCBuildConfiguration;
			buildSettings = {
				ALWAYS_SEARCH_USER_PATHS = NO;
				CLANG_ANALYZER_NONNULL = YES;
				CLANG_ANALYZER_NUMBER_OBJECT_CONVERSION = YES_AGGRESSIVE;
				CLANG_CXX_LANGUAGE_STANDARD = "gnu++17";
				CLANG_CXX_LIBRARY = "libc++";
				CLANG_ENABLE_MODULES = YES;
				CLANG_ENABLE_OBJC_ARC = YES;
				CLANG_ENABLE_OBJC_WEAK = YES;
				CLANG_WARN_BLOCK_CAPTURE_AUTORELEASING = YES;
				CLANG_WARN_BOOL_CONVERSION = YES;
				CLANG_WARN_COMMA = YES;
				CLANG_WARN_CONSTANT_CONVERSION = YES;
				CLANG_WARN_DEPRECATED_OBJC_IMPLEMENTATIONS = YES;
				CLANG_WARN_DIRECT_OBJC_ISA_USAGE = YES_ERROR;
				CLANG_WARN_DOCUMENTATION_COMMENTS = YES;
				CLANG_WARN_EMPTY_BODY = YES;
				CLANG_WARN_ENUM_CONVERSION = YES;
				CLANG_WARN_INFINITE_RECURSION = YES;
				CLANG_WARN_INT_CONVERSION = YES;
				CLANG_WARN_NON_LITERAL_NULL_CONVERSION = YES;
				CLANG_WARN_OBJC_IMPLICIT_RETAIN_SELF = YES;
				CLANG_WARN_OBJC_LITERAL_CONVERSION = YES;
				CLANG_WARN_OBJC_ROOT_CLASS = YES_ERROR;
				CLANG_WARN_QUOTED_INCLUDE_IN_FRAMEWORK_HEADER = YES;
				CLANG_WARN_RANGE_LOOP_ANALYSIS = YES;
				CLANG_WARN_STRICT_PROTOTYPES = YES;
				CLANG_WARN_SUSPICIOUS_MOVE = YES;
				CLANG_WARN_UNGUARDED_AVAILABILITY = YES_AGGRESSIVE;
				CLANG_WARN_UNREACHABLE_CODE = YES;
				CLANG_WARN__DUPLICATE_METHOD_MATCH = YES;
				COPY_PHASE_STRIP = NO;
				DEBUG_INFORMATION_FORMAT = "dwarf-with-dsym";
				ENABLE_NS_ASSERTIONS = NO;
				ENABLE_STRICT_OBJC_MSGSEND = YES;
				GCC_C_LANGUAGE_STANDARD = gnu11;
				GCC_NO_COMMON_BLOCKS = YES;
				GCC_WARN_64_TO_32_BIT_CONVERSION = YES;
				GCC_WARN_ABOUT_RETURN_TYPE = YES_ERROR;
				GCC_WARN_UNDECLARED_SELECTOR = YES;
				GCC_WARN_UNINITIALIZED_AUTOS = YES_AGGRESSIVE;
				GCC_WARN_UNUSED_FUNCTION = YES;
				GCC_WARN_UNUSED_VARIABLE = YES;
				IPHONEOS_DEPLOYMENT_TARGET = 15.2;
				MTL_ENABLE_DEBUG_INFO = NO;
				MTL_FAST_MATH = YES;
				SDKROOT = iphoneos;
				SWIFT_COMPILATION_MODE = wholemodule;
				SWIFT_OPTIMIZATION_LEVEL = "-O";
				VALIDATE_PRODUCT = YES;
			};
			name = Release;
		};
		D51E0556289A541700702AF6 /* Debug */ = {
			isa = XCBuildConfiguration;
			buildSettings = {
				ASSETCATALOG_COMPILER_APPICON_NAME = AppIcon;
				ASSETCATALOG_COMPILER_GLOBAL_ACCENT_COLOR_NAME = AccentColor;
				CODE_SIGN_STYLE = Automatic;
				CURRENT_PROJECT_VERSION = 1;
				DEVELOPMENT_ASSET_PATHS = "\"ExpenseTracker/Preview Content\"";
				ENABLE_PREVIEWS = YES;
				GENERATE_INFOPLIST_FILE = YES;
				INFOPLIST_KEY_UIApplicationSceneManifest_Generation = YES;
				INFOPLIST_KEY_UIApplicationSupportsIndirectInputEvents = YES;
				INFOPLIST_KEY_UILaunchScreen_Generation = YES;
				INFOPLIST_KEY_UISupportedInterfaceOrientations_iPad = "UIInterfaceOrientationPortrait UIInterfaceOrientationPortraitUpsideDown UIInterfaceOrientationLandscapeLeft UIInterfaceOrientationLandscapeRight";
				INFOPLIST_KEY_UISupportedInterfaceOrientations_iPhone = "UIInterfaceOrientationPortrait UIInterfaceOrientationLandscapeLeft UIInterfaceOrientationLandscapeRight";
				LD_RUNPATH_SEARCH_PATHS = (
					"$(inherited)",
					"@executable_path/Frameworks",
				);
				MARKETING_VERSION = 1.0;
				PRODUCT_BUNDLE_IDENTIFIER = com.rksdgrt.ExpenseTracker;
				PRODUCT_NAME = "$(TARGET_NAME)";
				SWIFT_EMIT_LOC_STRINGS = YES;
				SWIFT_VERSION = 5.0;
				TARGETED_DEVICE_FAMILY = "1,2";
			};
			name = Debug;
		};
		D51E0557289A541700702AF6 /* Release */ = {
			isa = XCBuildConfiguration;
			buildSettings = {
				ASSETCATALOG_COMPILER_APPICON_NAME = AppIcon;
				ASSETCATALOG_COMPILER_GLOBAL_ACCENT_COLOR_NAME = AccentColor;
				CODE_SIGN_STYLE = Automatic;
				CURRENT_PROJECT_VERSION = 1;
				DEVELOPMENT_ASSET_PATHS = "\"ExpenseTracker/Preview Content\"";
				ENABLE_PREVIEWS = YES;
				GENERATE_INFOPLIST_FILE = YES;
				INFOPLIST_KEY_UIApplicationSceneManifest_Generation = YES;
				INFOPLIST_KEY_UIApplicationSupportsIndirectInputEvents = YES;
				INFOPLIST_KEY_UILaunchScreen_Generation = YES;
				INFOPLIST_KEY_UISupportedInterfaceOrientations_iPad = "UIInterfaceOrientationPortrait UIInterfaceOrientationPortraitUpsideDown UIInterfaceOrientationLandscapeLeft UIInterfaceOrientationLandscapeRight";
				INFOPLIST_KEY_UISupportedInterfaceOrientations_iPhone = "UIInterfaceOrientationPortrait UIInterfaceOrientationLandscapeLeft UIInterfaceOrientationLandscapeRight";
				LD_RUNPATH_SEARCH_PATHS = (
					"$(inherited)",
					"@executable_path/Frameworks",
				);
				MARKETING_VERSION = 1.0;
				PRODUCT_BUNDLE_IDENTIFIER = com.rksdgrt.ExpenseTracker;
				PRODUCT_NAME = "$(TARGET_NAME)";
				SWIFT_EMIT_LOC_STRINGS = YES;
				SWIFT_VERSION = 5.0;
				TARGETED_DEVICE_FAMILY = "1,2";
			};
			name = Release;
		};
/* End XCBuildConfiguration section */

/* Begin XCConfigurationList section */
		D51E0542289A541500702AF6 /* Build configuration list for PBXProject "ExpenseTracker" */ = {
			isa = XCConfigurationList;
			buildConfigurations = (
				D51E0553289A541700702AF6 /* Debug */,
				D51E0554289A541700702AF6 /* Release */,
			);
			defaultConfigurationIsVisible = 0;
			defaultConfigurationName = Release;
		};
		D51E0555289A541700702AF6 /* Build configuration list for PBXNativeTarget "ExpenseTracker" */ = {
			isa = XCConfigurationList;
			buildConfigurations = (
				D51E0556289A541700702AF6 /* Debug */,
				D51E0557289A541700702AF6 /* Release */,
			);
			defaultConfigurationIsVisible = 0;
			defaultConfigurationName = Release;
		};
/* End XCConfigurationList section */

/* Begin XCRemoteSwiftPackageReference section */
		D562E3A628A79B46002B3A3C /* XCRemoteSwiftPackageReference "SwiftUIFontIcon" */ = {
			isa = XCRemoteSwiftPackageReference;
			repositoryURL = "https://github.com/huybuidac/SwiftUIFontIcon";
			requirement = {
				branch = master;
				kind = branch;
			};
		};
		D58D88DB28A8E7DB000A90AC /* XCRemoteSwiftPackageReference "swift-collections" */ = {
			isa = XCRemoteSwiftPackageReference;
			repositoryURL = "https://github.com/apple/swift-collections.git";
			requirement = {
				kind = upToNextMajorVersion;
				minimumVersion = 1.0.2;
			};
		};
		D58D88DE28A8E830000A90AC /* XCRemoteSwiftPackageReference "ChartView" */ = {
			isa = XCRemoteSwiftPackageReference;
			repositoryURL = "https://github.com/AppPear/ChartView";
			requirement = {
				kind = exactVersion;
				version = "2.0.0-beta.2";
			};
		};
/* End XCRemoteSwiftPackageReference section */

/* Begin XCSwiftPackageProductDependency section */
		D562E3A728A79B46002B3A3C /* SwiftUIFontIcon */ = {
			isa = XCSwiftPackageProductDependency;
			package = D562E3A628A79B46002B3A3C /* XCRemoteSwiftPackageReference "SwiftUIFontIcon" */;
			productName = SwiftUIFontIcon;
		};
		D58D88DC28A8E7DB000A90AC /* Collections */ = {
			isa = XCSwiftPackageProductDependency;
			package = D58D88DB28A8E7DB000A90AC /* XCRemoteSwiftPackageReference "swift-collections" */;
			productName = Collections;
		};
		D58D88DF28A8E830000A90AC /* SwiftUICharts */ = {
			isa = XCSwiftPackageProductDependency;
			package = D58D88DE28A8E830000A90AC /* XCRemoteSwiftPackageReference "ChartView" */;
			productName = SwiftUICharts;
		};
/* End XCSwiftPackageProductDependency section */
	};
	rootObject = D51E053F289A541500702AF6 /* Project object */;
}
